Microsoft Visual Studio Solution File, Format Version 12.00
# Visual Studio Version 17
VisualStudioVersion = 17.5.2.0
MinimumVisualStudioVersion = 10.0.40219.1
Project("{FAE04EC0-301F-11D3-BF4B-00C04F79EFBC}") = "IrregularVerbsApp", "IrregularVerbsApp\IrregularVerbsApp.csproj", "{D6C231F1-9A43-F753-4174-990D9ACF46FF}"
EndProject
Global
	GlobalSection(SolutionConfigurationPlatforms) = preSolution
		Debug|Any CPU = Debug|Any CPU
		Release|Any CPU = Release|Any CPU
	EndGlobalSection
	GlobalSection(ProjectConfigurationPlatforms) = postSolution
		{D6C231F1-9A43-F753-4174-990D9ACF46FF}.Debug|Any CPU.ActiveCfg = Debug|Any CPU
		{D6C231F1-9A43-F753-4174-990D9ACF46FF}.Debug|Any CPU.Build.0 = Debug|Any CPU
		{D6C231F1-9A43-F753-4174-990D9ACF46FF}.Release|Any CPU.ActiveCfg = Release|Any CPU
		{D6C231F1-9A43-F753-4174-990D9ACF46FF}.Release|Any CPU.Build.0 = Release|Any CPU
	EndGlobalSection
	GlobalSection(SolutionProperties) = preSolution
		HideSolutionNode = FALSE
	EndGlobalSection
	GlobalSection(ExtensibilityGlobals) = postSolution
		SolutionGuid = {CB12CA3F-67F2-4317-837D-0D31C58A3D66}
	EndGlobalSection
EndGlobal
